
Microsoft Visual Studio Solution File, Format Version 12.00
# Visual Studio Version 16
VisualStudioVersion = 16.0.33130.400
MinimumVisualStudioVersion = 10.0.40219.1
Project("{9A19103F-16F7-4668-BE54-9A1E7A4F7556}") = "DataAccess", "DataAccess\DataAccess.csproj", "{48C67BF3-EF35-4329-8516-B3F5890E2E0E}"
EndProject
Project("{9A19103F-16F7-4668-BE54-9A1E7A4F7556}") = "Business", "Business\Business.csproj", "{F16CB34F-073C-4A28-AF8A-895CEFFC0257}"
EndProject
Project("{9A19103F-16F7-4668-BE54-9A1E7A4F7556}") = "Entities", "Entities\Entities.csproj", "{1BBE805D-C0EA-4BFE-AC1F-7040BFA15F99}"
EndProject
Project("{9A19103F-16F7-4668-BE54-9A1E7A4F7556}") = "ConsoleUI", "ConsoleUI\ConsoleUI.csproj", "{D74218FC-4523-4838-8B61-99EC8FB41AE0}"
EndProject
Project("{9A19103F-16F7-4668-BE54-9A1E7A4F7556}") = "Core", "Core\Core.csproj", "{03A8DF81-B500-41C2-B3F3-53E8ACFA4666}"
EndProject
Project("{FAE04EC0-301F-11D3-BF4B-00C04F79EFBC}") = "WebAPI", "WebAPI\WebAPI.csproj", "{CF4C2C2C-87DB-418D-870D-535AE363FF50}"
EndProject
Global
	GlobalSection(SolutionConfigurationPlatforms) = preSolution
		Debug|Any CPU = Debug|Any CPU
		Release|Any CPU = Release|Any CPU
	EndGlobalSection
	GlobalSection(ProjectConfigurationPlatforms) = postSolution
		{48C67BF3-EF35-4329-8516-B3F5890E2E0E}.Debug|Any CPU.ActiveCfg = Debug|Any CPU
		{48C67BF3-EF35-4329-8516-B3F5890E2E0E}.Debug|Any CPU.Build.0 = Debug|Any CPU
		{48C67BF3-EF35-4329-8516-B3F5890E2E0E}.Release|Any CPU.ActiveCfg = Release|Any CPU
		{48C67BF3-EF35-4329-8516-B3F5890E2E0E}.Release|Any CPU.Build.0 = Release|Any CPU
		{F16CB34F-073C-4A28-AF8A-895CEFFC0257}.Debug|Any CPU.ActiveCfg = Debug|Any CPU
		{F16CB34F-073C-4A28-AF8A-895CEFFC0257}.Debug|Any CPU.Build.0 = Debug|Any CPU
		{F16CB34F-073C-4A28-AF8A-895CEFFC0257}.Release|Any CPU.ActiveCfg = Release|Any CPU
		{F16CB34F-073C-4A28-AF8A-895CEFFC0257}.Release|Any CPU.Build.0 = Release|Any CPU
		{1BBE805D-C0EA-4BFE-AC1F-7040BFA15F99}.Debug|Any CPU.ActiveCfg = Debug|Any CPU
		{1BBE805D-C0EA-4BFE-AC1F-7040BFA15F99}.Debug|Any CPU.Build.0 = Debug|Any CPU
		{1BBE805D-C0EA-4BFE-AC1F-7040BFA15F99}.Release|Any CPU.ActiveCfg = Release|Any CPU
		{1BBE805D-C0EA-4BFE-AC1F-7040BFA15F99}.Release|Any CPU.Build.0 = Release|Any CPU
		{D74218FC-4523-4838-8B61-99EC8FB41AE0}.Debug|Any CPU.ActiveCfg = Debug|Any CPU
		{D74218FC-4523-4838-8B61-99EC8FB41AE0}.Debug|Any CPU.Build.0 = Debug|Any CPU
		{D74218FC-4523-4838-8B61-99EC8FB41AE0}.Release|Any CPU.ActiveCfg = Release|Any CPU
		{D74218FC-4523-4838-8B61-99EC8FB41AE0}.Release|Any CPU.Build.0 = Release|Any CPU
		{03A8DF81-B500-41C2-B3F3-53E8ACFA4666}.Debug|Any CPU.ActiveCfg = Debug|Any CPU
		{03A8DF81-B500-41C2-B3F3-53E8ACFA4666}.Debug|Any CPU.Build.0 = Debug|Any CPU
		{03A8DF81-B500-41C2-B3F3-53E8ACFA4666}.Release|Any CPU.ActiveCfg = Release|Any CPU
		{03A8DF81-B500-41C2-B3F3-53E8ACFA4666}.Release|Any CPU.Build.0 = Release|Any CPU
		{CF4C2C2C-87DB-418D-870D-535AE363FF50}.Debug|Any CPU.ActiveCfg = Debug|Any CPU
		{CF4C2C2C-87DB-418D-870D-535AE363FF50}.Debug|Any CPU.Build.0 = Debug|Any CPU
		{CF4C2C2C-87DB-418D-870D-535AE363FF50}.Release|Any CPU.ActiveCfg = Release|Any CPU
		{CF4C2C2C-87DB-418D-870D-535AE363FF50}.Release|Any CPU.Build.0 = Release|Any CPU
	EndGlobalSection
	GlobalSection(SolutionProperties) = preSolution
		HideSolutionNode = FALSE
	EndGlobalSection
	GlobalSection(ExtensibilityGlobals) = postSolution
		SolutionGuid = {88483E1C-8821-43FF-BDBB-20B907C43784}
	EndGlobalSection
EndGlobal
